// !$*UTF8*$!
{
	archiveVersion = 1;
	classes = {
	};
	objectVersion = 46;
	objects = {

/* Begin PBXBuildFile section */
		16510CD516E77FCA003F2A7E /* UIKit.framework in Frameworks */ = {isa = PBXBuildFile; fileRef = 16510CD416E77FCA003F2A7E /* UIKit.framework */; };
		16510CD716E77FCA003F2A7E /* Foundation.framework in Frameworks */ = {isa = PBXBuildFile; fileRef = 16510CD616E77FCA003F2A7E /* Foundation.framework */; };
		16510CD916E77FCA003F2A7E /* CoreGraphics.framework in Frameworks */ = {isa = PBXBuildFile; fileRef = 16510CD816E77FCA003F2A7E /* CoreGraphics.framework */; };
		16510CDB16E77FCA003F2A7E /* CoreData.framework in Frameworks */ = {isa = PBXBuildFile; fileRef = 16510CDA16E77FCA003F2A7E /* CoreData.framework */; };
		16510CE116E77FCA003F2A7E /* InfoPlist.strings in Resources */ = {isa = PBXBuildFile; fileRef = 16510CDF16E77FCA003F2A7E /* InfoPlist.strings */; };
		16510CE316E77FCA003F2A7E /* main.m in Sources */ = {isa = PBXBuildFile; fileRef = 16510CE216E77FCA003F2A7E /* main.m */; };
		16510CE716E77FCA003F2A7E /* AppDelegate.m in Sources */ = {isa = PBXBuildFile; fileRef = 16510CE616E77FCA003F2A7E /* AppDelegate.m */; };
		16510CE916E77FCA003F2A7E /* Default.png in Resources */ = {isa = PBXBuildFile; fileRef = 16510CE816E77FCA003F2A7E /* Default.png */; };
		16510CEB16E77FCA003F2A7E /* Default@2x.png in Resources */ = {isa = PBXBuildFile; fileRef = 16510CEA16E77FCA003F2A7E /* Default@2x.png */; };
		16510CED16E77FCA003F2A7E /* Default-568h@2x.png in Resources */ = {isa = PBXBuildFile; fileRef = 16510CEC16E77FCA003F2A7E /* Default-568h@2x.png */; };
		16510CF016E77FCA003F2A7E /* AplicaParse.xcdatamodeld in Sources */ = {isa = PBXBuildFile; fileRef = 16510CEE16E77FCA003F2A7E /* AplicaParse.xcdatamodeld */; };
		16510CF816E77FCA003F2A7E /* SenTestingKit.framework in Frameworks */ = {isa = PBXBuildFile; fileRef = 16510CF716E77FCA003F2A7E /* SenTestingKit.framework */; };
		16510CF916E77FCA003F2A7E /* UIKit.framework in Frameworks */ = {isa = PBXBuildFile; fileRef = 16510CD416E77FCA003F2A7E /* UIKit.framework */; };
		16510CFA16E77FCA003F2A7E /* Foundation.framework in Frameworks */ = {isa = PBXBuildFile; fileRef = 16510CD616E77FCA003F2A7E /* Foundation.framework */; };
		16510CFB16E77FCA003F2A7E /* CoreData.framework in Frameworks */ = {isa = PBXBuildFile; fileRef = 16510CDA16E77FCA003F2A7E /* CoreData.framework */; };
		16510D0316E77FCA003F2A7E /* InfoPlist.strings in Resources */ = {isa = PBXBuildFile; fileRef = 16510D0116E77FCA003F2A7E /* InfoPlist.strings */; };
		16510D0616E77FCA003F2A7E /* AplicaParseTests.m in Sources */ = {isa = PBXBuildFile; fileRef = 16510D0516E77FCA003F2A7E /* AplicaParseTests.m */; };
		16510D1516E7849B003F2A7E /* MainViewController.m in Sources */ = {isa = PBXBuildFile; fileRef = 16510D1316E7849B003F2A7E /* MainViewController.m */; };
		16510D1616E7849B003F2A7E /* MainViewController.xib in Resources */ = {isa = PBXBuildFile; fileRef = 16510D1416E7849B003F2A7E /* MainViewController.xib */; };
		16510D1916E784F0003F2A7E /* mainCell.m in Sources */ = {isa = PBXBuildFile; fileRef = 16510D1816E784F0003F2A7E /* mainCell.m */; };
		16510D1C16E79B70003F2A7E /* XMLParser.m in Sources */ = {isa = PBXBuildFile; fileRef = 16510D1B16E79B70003F2A7E /* XMLParser.m */; };
		16510D1F16E7A124003F2A7E /* Things.m in Sources */ = {isa = PBXBuildFile; fileRef = 16510D1E16E7A124003F2A7E /* Things.m */; };
		167D075B16EBD10800C6EB7C /* Data.m in Sources */ = {isa = PBXBuildFile; fileRef = 167D075A16EBD10800C6EB7C /* Data.m */; };
		167D07AC16ECBBDC00C6EB7C /* MessageUI.framework in Frameworks */ = {isa = PBXBuildFile; fileRef = 167D07AB16ECBBDC00C6EB7C /* MessageUI.framework */; };
		167D07AE16ECBBE700C6EB7C /* ImageIO.framework in Frameworks */ = {isa = PBXBuildFile; fileRef = 167D07AD16ECBBE700C6EB7C /* ImageIO.framework */; };
		167D081C16EE7D5500C6EB7C /* QuartzCore.framework in Frameworks */ = {isa = PBXBuildFile; fileRef = 167D081B16EE7D5500C6EB7C /* QuartzCore.framework */; };
		1697777116EE9368005537BE /* PhotoViewController.m in Sources */ = {isa = PBXBuildFile; fileRef = 1697776F16EE9368005537BE /* PhotoViewController.m */; };
		1697777216EE9368005537BE /* PhotoViewController.xib in Resources */ = {isa = PBXBuildFile; fileRef = 1697777016EE9368005537BE /* PhotoViewController.xib */; };
		16DEFAC916EFE05100BF9EFC /* MWCaptionView.m in Sources */ = {isa = PBXBuildFile; fileRef = 16DEFAA216EFE05100BF9EFC /* MWCaptionView.m */; settings = {COMPILER_FLAGS = "-fno-objc-arc"; }; };
		16DEFACA16EFE05100BF9EFC /* MWPhoto.m in Sources */ = {isa = PBXBuildFile; fileRef = 16DEFAA416EFE05100BF9EFC /* MWPhoto.m */; settings = {COMPILER_FLAGS = "-fno-objc-arc"; }; };
		16DEFACB16EFE05100BF9EFC /* MWPhotoBrowser.m in Sources */ = {isa = PBXBuildFile; fileRef = 16DEFAA616EFE05100BF9EFC /* MWPhotoBrowser.m */; settings = {COMPILER_FLAGS = "-fno-objc-arc"; }; };
		16DEFACC16EFE05100BF9EFC /* MWTapDetectingImageView.m in Sources */ = {isa = PBXBuildFile; fileRef = 16DEFAA916EFE05100BF9EFC /* MWTapDetectingImageView.m */; settings = {COMPILER_FLAGS = "-fno-objc-arc"; }; };
		16DEFACD16EFE05100BF9EFC /* MWTapDetectingView.m in Sources */ = {isa = PBXBuildFile; fileRef = 16DEFAAB16EFE05100BF9EFC /* MWTapDetectingView.m */; settings = {COMPILER_FLAGS = "-fno-objc-arc"; }; };
		16DEFACE16EFE05100BF9EFC /* MWZoomingScrollView.m in Sources */ = {isa = PBXBuildFile; fileRef = 16DEFAAD16EFE05100BF9EFC /* MWZoomingScrollView.m */; settings = {COMPILER_FLAGS = "-fno-objc-arc"; }; };
		16DEFACF16EFE05100BF9EFC /* MBProgressHUD.m in Sources */ = {isa = PBXBuildFile; fileRef = 16DEFAB116EFE05100BF9EFC /* MBProgressHUD.m */; settings = {COMPILER_FLAGS = "-fno-objc-arc"; }; };
		16DEFAD016EFE05100BF9EFC /* README.mdown in Resources */ = {isa = PBXBuildFile; fileRef = 16DEFAB216EFE05100BF9EFC /* README.mdown */; };
		16DEFAD116EFE05100BF9EFC /* LICENSE in Resources */ = {isa = PBXBuildFile; fileRef = 16DEFAB416EFE05100BF9EFC /* LICENSE */; };
		16DEFAD216EFE05100BF9EFC /* README.md in Resources */ = {isa = PBXBuildFile; fileRef = 16DEFAB516EFE05100BF9EFC /* README.md */; };
		16DEFAD316EFE05100BF9EFC /* SDImageCache.m in Sources */ = {isa = PBXBuildFile; fileRef = 16DEFAB716EFE05100BF9EFC /* SDImageCache.m */; settings = {COMPILER_FLAGS = "-fno-objc-arc"; }; };
		16DEFAD416EFE05100BF9EFC /* SDWebImageDecoder.m in Sources */ = {isa = PBXBuildFile; fileRef = 16DEFABB16EFE05100BF9EFC /* SDWebImageDecoder.m */; settings = {COMPILER_FLAGS = "-fno-objc-arc"; }; };
		16DEFAD516EFE05100BF9EFC /* SDWebImageDownloader.m in Sources */ = {isa = PBXBuildFile; fileRef = 16DEFABD16EFE05100BF9EFC /* SDWebImageDownloader.m */; settings = {COMPILER_FLAGS = "-fno-objc-arc"; }; };
		16DEFAD616EFE05100BF9EFC /* SDWebImageManager.m in Sources */ = {isa = PBXBuildFile; fileRef = 16DEFAC016EFE05100BF9EFC /* SDWebImageManager.m */; settings = {COMPILER_FLAGS = "-fno-objc-arc"; }; };
		16DEFAD716EFE05100BF9EFC /* SDWebImagePrefetcher.m in Sources */ = {isa = PBXBuildFile; fileRef = 16DEFAC316EFE05100BF9EFC /* SDWebImagePrefetcher.m */; settings = {COMPILER_FLAGS = "-fno-objc-arc"; }; };
		16DEFAD816EFE05100BF9EFC /* UIButton+WebCache.m in Sources */ = {isa = PBXBuildFile; fileRef = 16DEFAC516EFE05100BF9EFC /* UIButton+WebCache.m */; settings = {COMPILER_FLAGS = "-fno-objc-arc"; }; };
		16DEFAD916EFE05100BF9EFC /* UIImageView+WebCache.m in Sources */ = {isa = PBXBuildFile; fileRef = 16DEFAC716EFE05100BF9EFC /* UIImageView+WebCache.m */; settings = {COMPILER_FLAGS = "-fno-objc-arc"; }; };
		16DEFADA16EFE05100BF9EFC /* MWPhotoBrowser.bundle in Resources */ = {isa = PBXBuildFile; fileRef = 16DEFAC816EFE05100BF9EFC /* MWPhotoBrowser.bundle */; };
/* End PBXBuildFile section */

/* Begin PBXContainerItemProxy section */
		16510CFC16E77FCA003F2A7E /* PBXContainerItemProxy */ = {
			isa = PBXContainerItemProxy;
			containerPortal = 16510CC716E77FCA003F2A7E /* Project object */;
			proxyType = 1;
			remoteGlobalIDString = 16510CCF16E77FCA003F2A7E;
			remoteInfo = AplicaParse;
		};
/* End PBXContainerItemProxy section */

/* Begin PBXFileReference section */
		16510CD016E77FCA003F2A7E /* AplicaParse.app */ = {isa = PBXFileReference; explicitFileType = wrapper.application; includeInIndex = 0; path = AplicaParse.app; sourceTree = BUILT_PRODUCTS_DIR; };
		16510CD416E77FCA003F2A7E /* UIKit.framework */ = {isa = PBXFileReference; lastKnownFileType = wrapper.framework; name = UIKit.framework; path = System/Library/Frameworks/UIKit.framework; sourceTree = SDKROOT; };
		16510CD616E77FCA003F2A7E /* Foundation.framework */ = {isa = PBXFileReference; lastKnownFileType = wrapper.framework; name = Foundation.framework; path = System/Library/Frameworks/Foundation.framework; sourceTree = SDKROOT; };
		16510CD816E77FCA003F2A7E /* CoreGraphics.framework */ = {isa = PBXFileReference; lastKnownFileType = wrapper.framework; name = CoreGraphics.framework; path = System/Library/Frameworks/CoreGraphics.framework; sourceTree = SDKROOT; };
		16510CDA16E77FCA003F2A7E /* CoreData.framework */ = {isa = PBXFileReference; lastKnownFileType = wrapper.framework; name = CoreData.framework; path = System/Library/Frameworks/CoreData.framework; sourceTree = SDKROOT; };
		16510CDE16E77FCA003F2A7E /* AplicaParse-Info.plist */ = {isa = PBXFileReference; lastKnownFileType = text.plist.xml; path = "AplicaParse-Info.plist"; sourceTree = "<group>"; };
		16510CE016E77FCA003F2A7E /* en */ = {isa = PBXFileReference; lastKnownFileType = text.plist.strings; name = en; path = en.lproj/InfoPlist.strings; sourceTree = "<group>"; };
		16510CE216E77FCA003F2A7E /* main.m */ = {isa = PBXFileReference; lastKnownFileType = sourcecode.c.objc; path = main.m; sourceTree = "<group>"; };
		16510CE416E77FCA003F2A7E /* AplicaParse-Prefix.pch */ = {isa = PBXFileReference; lastKnownFileType = sourcecode.c.h; path = "AplicaParse-Prefix.pch"; sourceTree = "<group>"; };
		16510CE516E77FCA003F2A7E /* AppDelegate.h */ = {isa = PBXFileReference; lastKnownFileType = sourcecode.c.h; path = AppDelegate.h; sourceTree = "<group>"; };
		16510CE616E77FCA003F2A7E /* AppDelegate.m */ = {isa = PBXFileReference; lastKnownFileType = sourcecode.c.objc; path = AppDelegate.m; sourceTree = "<group>"; };
		16510CE816E77FCA003F2A7E /* Default.png */ = {isa = PBXFileReference; lastKnownFileType = image.png; path = Default.png; sourceTree = "<group>"; };
		16510CEA16E77FCA003F2A7E /* Default@2x.png */ = {isa = PBXFileReference; lastKnownFileType = image.png; path = "Default@2x.png"; sourceTree = "<group>"; };
		16510CEC16E77FCA003F2A7E /* Default-568h@2x.png */ = {isa = PBXFileReference; lastKnownFileType = image.png; path = "Default-568h@2x.png"; sourceTree = "<group>"; };
		16510CEF16E77FCA003F2A7E /* AplicaParse.xcdatamodel */ = {isa = PBXFileReference; lastKnownFileType = wrapper.xcdatamodel; path = AplicaParse.xcdatamodel; sourceTree = "<group>"; };
		16510CF616E77FCA003F2A7E /* AplicaParseTests.octest */ = {isa = PBXFileReference; explicitFileType = wrapper.cfbundle; includeInIndex = 0; path = AplicaParseTests.octest; sourceTree = BUILT_PRODUCTS_DIR; };
		16510CF716E77FCA003F2A7E /* SenTestingKit.framework */ = {isa = PBXFileReference; lastKnownFileType = wrapper.framework; name = SenTestingKit.framework; path = Library/Frameworks/SenTestingKit.framework; sourceTree = DEVELOPER_DIR; };
		16510D0016E77FCA003F2A7E /* AplicaParseTests-Info.plist */ = {isa = PBXFileReference; lastKnownFileType = text.plist.xml; path = "AplicaParseTests-Info.plist"; sourceTree = "<group>"; };
		16510D0216E77FCA003F2A7E /* en */ = {isa = PBXFileReference; lastKnownFileType = text.plist.strings; name = en; path = en.lproj/InfoPlist.strings; sourceTree = "<group>"; };
		16510D0416E77FCA003F2A7E /* AplicaParseTests.h */ = {isa = PBXFileReference; lastKnownFileType = sourcecode.c.h; path = AplicaParseTests.h; sourceTree = "<group>"; };
		16510D0516E77FCA003F2A7E /* AplicaParseTests.m */ = {isa = PBXFileReference; lastKnownFileType = sourcecode.c.objc; path = AplicaParseTests.m; sourceTree = "<group>"; };
		16510D1216E7849B003F2A7E /* MainViewController.h */ = {isa = PBXFileReference; fileEncoding = 4; lastKnownFileType = sourcecode.c.h; path = MainViewController.h; sourceTree = "<group>"; };
		16510D1316E7849B003F2A7E /* MainViewController.m */ = {isa = PBXFileReference; fileEncoding = 4; lastKnownFileType = sourcecode.c.objc; path = MainViewController.m; sourceTree = "<group>"; };
		16510D1416E7849B003F2A7E /* MainViewController.xib */ = {isa = PBXFileReference; fileEncoding = 4; lastKnownFileType = file.xib; path = MainViewController.xib; sourceTree = "<group>"; };
		16510D1716E784F0003F2A7E /* mainCell.h */ = {isa = PBXFileReference; fileEncoding = 4; lastKnownFileType = sourcecode.c.h; path = mainCell.h; sourceTree = "<group>"; };
		16510D1816E784F0003F2A7E /* mainCell.m */ = {isa = PBXFileReference; fileEncoding = 4; lastKnownFileType = sourcecode.c.objc; path = mainCell.m; sourceTree = "<group>"; };
		16510D1A16E79B6F003F2A7E /* XMLParser.h */ = {isa = PBXFileReference; fileEncoding = 4; lastKnownFileType = sourcecode.c.h; path = XMLParser.h; sourceTree = "<group>"; };
		16510D1B16E79B70003F2A7E /* XMLParser.m */ = {isa = PBXFileReference; fileEncoding = 4; lastKnownFileType = sourcecode.c.objc; path = XMLParser.m; sourceTree = "<group>"; };
		16510D1D16E7A124003F2A7E /* Things.h */ = {isa = PBXFileReference; fileEncoding = 4; lastKnownFileType = sourcecode.c.h; path = Things.h; sourceTree = "<group>"; };
		16510D1E16E7A124003F2A7E /* Things.m */ = {isa = PBXFileReference; fileEncoding = 4; lastKnownFileType = sourcecode.c.objc; path = Things.m; sourceTree = "<group>"; };
		167D075916EBD10800C6EB7C /* Data.h */ = {isa = PBXFileReference; fileEncoding = 4; lastKnownFileType = sourcecode.c.h; path = Data.h; sourceTree = "<group>"; };
		167D075A16EBD10800C6EB7C /* Data.m */ = {isa = PBXFileReference; fileEncoding = 4; lastKnownFileType = sourcecode.c.objc; path = Data.m; sourceTree = "<group>"; };
		167D07AB16ECBBDC00C6EB7C /* MessageUI.framework */ = {isa = PBXFileReference; lastKnownFileType = wrapper.framework; name = MessageUI.framework; path = System/Library/Frameworks/MessageUI.framework; sourceTree = SDKROOT; };
		167D07AD16ECBBE700C6EB7C /* ImageIO.framework */ = {isa = PBXFileReference; lastKnownFileType = wrapper.framework; name = ImageIO.framework; path = System/Library/Frameworks/ImageIO.framework; sourceTree = SDKROOT; };
		167D081B16EE7D5500C6EB7C /* QuartzCore.framework */ = {isa = PBXFileReference; lastKnownFileType = wrapper.framework; name = QuartzCore.framework; path = System/Library/Frameworks/QuartzCore.framework; sourceTree = SDKROOT; };
		1697776E16EE9368005537BE /* PhotoViewController.h */ = {isa = PBXFileReference; fileEncoding = 4; lastKnownFileType = sourcecode.c.h; path = PhotoViewController.h; sourceTree = "<group>"; };
		1697776F16EE9368005537BE /* PhotoViewController.m */ = {isa = PBXFileReference; fileEncoding = 4; lastKnownFileType = sourcecode.c.objc; path = PhotoViewController.m; sourceTree = "<group>"; };
		1697777016EE9368005537BE /* PhotoViewController.xib */ = {isa = PBXFileReference; fileEncoding = 4; lastKnownFileType = file.xib; path = PhotoViewController.xib; sourceTree = "<group>"; };
		16DEFAA116EFE05100BF9EFC /* MWCaptionView.h */ = {isa = PBXFileReference; fileEncoding = 4; lastKnownFileType = sourcecode.c.h; path = MWCaptionView.h; sourceTree = "<group>"; };
		16DEFAA216EFE05100BF9EFC /* MWCaptionView.m */ = {isa = PBXFileReference; fileEncoding = 4; lastKnownFileType = sourcecode.c.objc; path = MWCaptionView.m; sourceTree = "<group>"; };
		16DEFAA316EFE05100BF9EFC /* MWPhoto.h */ = {isa = PBXFileReference; fileEncoding = 4; lastKnownFileType = sourcecode.c.h; path = MWPhoto.h; sourceTree = "<group>"; };
		16DEFAA416EFE05100BF9EFC /* MWPhoto.m */ = {isa = PBXFileReference; fileEncoding = 4; lastKnownFileType = sourcecode.c.objc; path = MWPhoto.m; sourceTree = "<group>"; };
		16DEFAA516EFE05100BF9EFC /* MWPhotoBrowser.h */ = {isa = PBXFileReference; fileEncoding = 4; lastKnownFileType = sourcecode.c.h; path = MWPhotoBrowser.h; sourceTree = "<group>"; };
		16DEFAA616EFE05100BF9EFC /* MWPhotoBrowser.m */ = {isa = PBXFileReference; fileEncoding = 4; lastKnownFileType = sourcecode.c.objc; path = MWPhotoBrowser.m; sourceTree = "<group>"; };
		16DEFAA716EFE05100BF9EFC /* MWPhotoProtocol.h */ = {isa = PBXFileReference; fileEncoding = 4; lastKnownFileType = sourcecode.c.h; path = MWPhotoProtocol.h; sourceTree = "<group>"; };
		16DEFAA816EFE05100BF9EFC /* MWTapDetectingImageView.h */ = {isa = PBXFileReference; fileEncoding = 4; lastKnownFileType = sourcecode.c.h; path = MWTapDetectingImageView.h; sourceTree = "<group>"; };
		16DEFAA916EFE05100BF9EFC /* MWTapDetectingImageView.m */ = {isa = PBXFileReference; fileEncoding = 4; lastKnownFileType = sourcecode.c.objc; path = MWTapDetectingImageView.m; sourceTree = "<group>"; };
		16DEFAAA16EFE05100BF9EFC /* MWTapDetectingView.h */ = {isa = PBXFileReference; fileEncoding = 4; lastKnownFileType = sourcecode.c.h; path = MWTapDetectingView.h; sourceTree = "<group>"; };
		16DEFAAB16EFE05100BF9EFC /* MWTapDetectingView.m */ = {isa = PBXFileReference; fileEncoding = 4; lastKnownFileType = sourcecode.c.objc; path = MWTapDetectingView.m; sourceTree = "<group>"; };
		16DEFAAC16EFE05100BF9EFC /* MWZoomingScrollView.h */ = {isa = PBXFileReference; fileEncoding = 4; lastKnownFileType = sourcecode.c.h; path = MWZoomingScrollView.h; sourceTree = "<group>"; };
		16DEFAAD16EFE05100BF9EFC /* MWZoomingScrollView.m */ = {isa = PBXFileReference; fileEncoding = 4; lastKnownFileType = sourcecode.c.objc; path = MWZoomingScrollView.m; sourceTree = "<group>"; };
		16DEFAB016EFE05100BF9EFC /* MBProgressHUD.h */ = {isa = PBXFileReference; fileEncoding = 4; lastKnownFileType = sourcecode.c.h; path = MBProgressHUD.h; sourceTree = "<group>"; };
		16DEFAB116EFE05100BF9EFC /* MBProgressHUD.m */ = {isa = PBXFileReference; fileEncoding = 4; lastKnownFileType = sourcecode.c.objc; path = MBProgressHUD.m; sourceTree = "<group>"; };
		16DEFAB216EFE05100BF9EFC /* README.mdown */ = {isa = PBXFileReference; fileEncoding = 4; lastKnownFileType = text; path = README.mdown; sourceTree = "<group>"; };
		16DEFAB416EFE05100BF9EFC /* LICENSE */ = {isa = PBXFileReference; fileEncoding = 4; lastKnownFileType = text; path = LICENSE; sourceTree = "<group>"; };
		16DEFAB516EFE05100BF9EFC /* README.md */ = {isa = PBXFileReference; fileEncoding = 4; lastKnownFileType = text; path = README.md; sourceTree = "<group>"; };
		16DEFAB616EFE05100BF9EFC /* SDImageCache.h */ = {isa = PBXFileReference; fileEncoding = 4; lastKnownFileType = sourcecode.c.h; path = SDImageCache.h; sourceTree = "<group>"; };
		16DEFAB716EFE05100BF9EFC /* SDImageCache.m */ = {isa = PBXFileReference; fileEncoding = 4; lastKnownFileType = sourcecode.c.objc; path = SDImageCache.m; sourceTree = "<group>"; };
		16DEFAB816EFE05100BF9EFC /* SDImageCacheDelegate.h */ = {isa = PBXFileReference; fileEncoding = 4; lastKnownFileType = sourcecode.c.h; path = SDImageCacheDelegate.h; sourceTree = "<group>"; };
		16DEFAB916EFE05100BF9EFC /* SDWebImageCompat.h */ = {isa = PBXFileReference; fileEncoding = 4; lastKnownFileType = sourcecode.c.h; path = SDWebImageCompat.h; sourceTree = "<group>"; };
		16DEFABA16EFE05100BF9EFC /* SDWebImageDecoder.h */ = {isa = PBXFileReference; fileEncoding = 4; lastKnownFileType = sourcecode.c.h; path = SDWebImageDecoder.h; sourceTree = "<group>"; };
		16DEFABB16EFE05100BF9EFC /* SDWebImageDecoder.m */ = {isa = PBXFileReference; fileEncoding = 4; lastKnownFileType = sourcecode.c.objc; path = SDWebImageDecoder.m; sourceTree = "<group>"; };
		16DEFABC16EFE05100BF9EFC /* SDWebImageDownloader.h */ = {isa = PBXFileReference; fileEncoding = 4; lastKnownFileType = sourcecode.c.h; path = SDWebImageDownloader.h; sourceTree = "<group>"; };
		16DEFABD16EFE05100BF9EFC /* SDWebImageDownloader.m */ = {isa = PBXFileReference; fileEncoding = 4; lastKnownFileType = sourcecode.c.objc; path = SDWebImageDownloader.m; sourceTree = "<group>"; };
		16DEFABE16EFE05100BF9EFC /* SDWebImageDownloaderDelegate.h */ = {isa = PBXFileReference; fileEncoding = 4; lastKnownFileType = sourcecode.c.h; path = SDWebImageDownloaderDelegate.h; sourceTree = "<group>"; };
		16DEFABF16EFE05100BF9EFC /* SDWebImageManager.h */ = {isa = PBXFileReference; fileEncoding = 4; lastKnownFileType = sourcecode.c.h; path = SDWebImageManager.h; sourceTree = "<group>"; };
		16DEFAC016EFE05100BF9EFC /* SDWebImageManager.m */ = {isa = PBXFileReference; fileEncoding = 4; lastKnownFileType = sourcecode.c.objc; path = SDWebImageManager.m; sourceTree = "<group>"; };
		16DEFAC116EFE05100BF9EFC /* SDWebImageManagerDelegate.h */ = {isa = PBXFileReference; fileEncoding = 4; lastKnownFileType = sourcecode.c.h; path = SDWebImageManagerDelegate.h; sourceTree = "<group>"; };
		16DEFAC216EFE05100BF9EFC /* SDWebImagePrefetcher.h */ = {isa = PBXFileReference; fileEncoding = 4; lastKnownFileType = sourcecode.c.h; path = SDWebImagePrefetcher.h; sourceTree = "<group>"; };
		16DEFAC316EFE05100BF9EFC /* SDWebImagePrefetcher.m */ = {isa = PBXFileReference; fileEncoding = 4; lastKnownFileType = sourcecode.c.objc; path = SDWebImagePrefetcher.m; sourceTree = "<group>"; };
		16DEFAC416EFE05100BF9EFC /* UIButton+WebCache.h */ = {isa = PBXFileReference; fileEncoding = 4; lastKnownFileType = sourcecode.c.h; path = "UIButton+WebCache.h"; sourceTree = "<group>"; };
		16DEFAC516EFE05100BF9EFC /* UIButton+WebCache.m */ = {isa = PBXFileReference; fileEncoding = 4; lastKnownFileType = sourcecode.c.objc; path = "UIButton+WebCache.m"; sourceTree = "<group>"; };
		16DEFAC616EFE05100BF9EFC /* UIImageView+WebCache.h */ = {isa = PBXFileReference; fileEncoding = 4; lastKnownFileType = sourcecode.c.h; path = "UIImageView+WebCache.h"; sourceTree = "<group>"; };
		16DEFAC716EFE05100BF9EFC /* UIImageView+WebCache.m */ = {isa = PBXFileReference; fileEncoding = 4; lastKnownFileType = sourcecode.c.objc; path = "UIImageView+WebCache.m"; sourceTree = "<group>"; };
		16DEFAC816EFE05100BF9EFC /* MWPhotoBrowser.bundle */ = {isa = PBXFileReference; lastKnownFileType = "wrapper.plug-in"; name = MWPhotoBrowser.bundle; path = MWPhotoBrowser/MWPhotoBrowser.bundle; sourceTree = SOURCE_ROOT; };
/* End PBXFileReference section */

/* Begin PBXFrameworksBuildPhase section */
		16510CCD16E77FCA003F2A7E /* Frameworks */ = {
			isa = PBXFrameworksBuildPhase;
			buildActionMask = 2147483647;
			files = (
				167D081C16EE7D5500C6EB7C /* QuartzCore.framework in Frameworks */,
				167D07AE16ECBBE700C6EB7C /* ImageIO.framework in Frameworks */,
				167D07AC16ECBBDC00C6EB7C /* MessageUI.framework in Frameworks */,
				16510CD516E77FCA003F2A7E /* UIKit.framework in Frameworks */,
				16510CD716E77FCA003F2A7E /* Foundation.framework in Frameworks */,
				16510CD916E77FCA003F2A7E /* CoreGraphics.framework in Frameworks */,
				16510CDB16E77FCA003F2A7E /* CoreData.framework in Frameworks */,
			);
			runOnlyForDeploymentPostprocessing = 0;
		};
		16510CF216E77FCA003F2A7E /* Frameworks */ = {
			isa = PBXFrameworksBuildPhase;
			buildActionMask = 2147483647;
			files = (
				16510CF816E77FCA003F2A7E /* SenTestingKit.framework in Frameworks */,
				16510CF916E77FCA003F2A7E /* UIKit.framework in Frameworks */,
				16510CFA16E77FCA003F2A7E /* Foundation.framework in Frameworks */,
				16510CFB16E77FCA003F2A7E /* CoreData.framework in Frameworks */,
			);
			runOnlyForDeploymentPostprocessing = 0;
		};
/* End PBXFrameworksBuildPhase section */

/* Begin PBXGroup section */
		16510CC516E77FCA003F2A7E = {
			isa = PBXGroup;
			children = (
				167D081B16EE7D5500C6EB7C /* QuartzCore.framework */,
				167D07AD16ECBBE700C6EB7C /* ImageIO.framework */,
				167D07AB16ECBBDC00C6EB7C /* MessageUI.framework */,
				16510CDC16E77FCA003F2A7E /* AplicaParse */,
				16510CFE16E77FCA003F2A7E /* AplicaParseTests */,
				16510CD316E77FCA003F2A7E /* Frameworks */,
				16510CD116E77FCA003F2A7E /* Products */,
			);
			sourceTree = "<group>";
		};
		16510CD116E77FCA003F2A7E /* Products */ = {
			isa = PBXGroup;
			children = (
				16510CD016E77FCA003F2A7E /* AplicaParse.app */,
				16510CF616E77FCA003F2A7E /* AplicaParseTests.octest */,
			);
			name = Products;
			sourceTree = "<group>";
		};
		16510CD316E77FCA003F2A7E /* Frameworks */ = {
			isa = PBXGroup;
			children = (
				16510CD416E77FCA003F2A7E /* UIKit.framework */,
				16510CD616E77FCA003F2A7E /* Foundation.framework */,
				16510CD816E77FCA003F2A7E /* CoreGraphics.framework */,
				16510CDA16E77FCA003F2A7E /* CoreData.framework */,
				16510CF716E77FCA003F2A7E /* SenTestingKit.framework */,
			);
			name = Frameworks;
			sourceTree = "<group>";
		};
		16510CDC16E77FCA003F2A7E /* AplicaParse */ = {
			isa = PBXGroup;
			children = (
				16510CE516E77FCA003F2A7E /* AppDelegate.h */,
				16510CE616E77FCA003F2A7E /* AppDelegate.m */,
				16510CEE16E77FCA003F2A7E /* AplicaParse.xcdatamodeld */,
				16510D1216E7849B003F2A7E /* MainViewController.h */,
				16510D1316E7849B003F2A7E /* MainViewController.m */,
				16510D1416E7849B003F2A7E /* MainViewController.xib */,
				16510D1A16E79B6F003F2A7E /* XMLParser.h */,
				16510D1B16E79B70003F2A7E /* XMLParser.m */,
				16510D1716E784F0003F2A7E /* mainCell.h */,
				16510D1816E784F0003F2A7E /* mainCell.m */,
				16510D1D16E7A124003F2A7E /* Things.h */,
				16510D1E16E7A124003F2A7E /* Things.m */,
				167D075916EBD10800C6EB7C /* Data.h */,
				167D075A16EBD10800C6EB7C /* Data.m */,
				1697776E16EE9368005537BE /* PhotoViewController.h */,
				1697776F16EE9368005537BE /* PhotoViewController.m */,
				1697777016EE9368005537BE /* PhotoViewController.xib */,
				16DEFAA016EFE05100BF9EFC /* Classes */,
				16DEFAAE16EFE05100BF9EFC /* Libraries */,
				16DEFAC816EFE05100BF9EFC /* MWPhotoBrowser.bundle */,
				16510CDD16E77FCA003F2A7E /* Supporting Files */,
			);
			path = AplicaParse;
			sourceTree = "<group>";
		};
		16510CDD16E77FCA003F2A7E /* Supporting Files */ = {
			isa = PBXGroup;
			children = (
				16510CDE16E77FCA003F2A7E /* AplicaParse-Info.plist */,
				16510CDF16E77FCA003F2A7E /* InfoPlist.strings */,
				16510CE216E77FCA003F2A7E /* main.m */,
				16510CE416E77FCA003F2A7E /* AplicaParse-Prefix.pch */,
				16510CE816E77FCA003F2A7E /* Default.png */,
				16510CEA16E77FCA003F2A7E /* Default@2x.png */,
				16510CEC16E77FCA003F2A7E /* Default-568h@2x.png */,
			);
			name = "Supporting Files";
			sourceTree = "<group>";
		};
		16510CFE16E77FCA003F2A7E /* AplicaParseTests */ = {
			isa = PBXGroup;
			children = (
				16510D0416E77FCA003F2A7E /* AplicaParseTests.h */,
				16510D0516E77FCA003F2A7E /* AplicaParseTests.m */,
				16510CFF16E77FCA003F2A7E /* Supporting Files */,
			);
			path = AplicaParseTests;
			sourceTree = "<group>";
		};
		16510CFF16E77FCA003F2A7E /* Supporting Files */ = {
			isa = PBXGroup;
			children = (
				16510D0016E77FCA003F2A7E /* AplicaParseTests-Info.plist */,
				16510D0116E77FCA003F2A7E /* InfoPlist.strings */,
			);
			name = "Supporting Files";
			sourceTree = "<group>";
		};
		16DEFAA016EFE05100BF9EFC /* Classes */ = {
			isa = PBXGroup;
			children = (
				16DEFAA116EFE05100BF9EFC /* MWCaptionView.h */,
				16DEFAA216EFE05100BF9EFC /* MWCaptionView.m */,
				16DEFAA316EFE05100BF9EFC /* MWPhoto.h */,
				16DEFAA416EFE05100BF9EFC /* MWPhoto.m */,
				16DEFAA516EFE05100BF9EFC /* MWPhotoBrowser.h */,
				16DEFAA616EFE05100BF9EFC /* MWPhotoBrowser.m */,
				16DEFAA716EFE05100BF9EFC /* MWPhotoProtocol.h */,
				16DEFAA816EFE05100BF9EFC /* MWTapDetectingImageView.h */,
				16DEFAA916EFE05100BF9EFC /* MWTapDetectingImageView.m */,
				16DEFAAA16EFE05100BF9EFC /* MWTapDetectingView.h */,
				16DEFAAB16EFE05100BF9EFC /* MWTapDetectingView.m */,
				16DEFAAC16EFE05100BF9EFC /* MWZoomingScrollView.h */,
				16DEFAAD16EFE05100BF9EFC /* MWZoomingScrollView.m */,
			);
			name = Classes;
			path = MWPhotoBrowser/Classes;
			sourceTree = SOURCE_ROOT;
		};
		16DEFAAE16EFE05100BF9EFC /* Libraries */ = {
			isa = PBXGroup;
			children = (
				16DEFAAF16EFE05100BF9EFC /* MBProgressHUD */,
				16DEFAB316EFE05100BF9EFC /* SDWebImage */,
			);
			name = Libraries;
			path = MWPhotoBrowser/Libraries;
			sourceTree = SOURCE_ROOT;
		};
		16DEFAAF16EFE05100BF9EFC /* MBProgressHUD */ = {
			isa = PBXGroup;
			children = (
				16DEFAB016EFE05100BF9EFC /* MBProgressHUD.h */,
				16DEFAB116EFE05100BF9EFC /* MBProgressHUD.m */,
				16DEFAB216EFE05100BF9EFC /* README.mdown */,
			);
			path = MBProgressHUD;
			sourceTree = "<group>";
		};
		16DEFAB316EFE05100BF9EFC /* SDWebImage */ = {
			isa = PBXGroup;
			children = (
				16DEFAB416EFE05100BF9EFC /* LICENSE */,
				16DEFAB516EFE05100BF9EFC /* README.md */,
				16DEFAB616EFE05100BF9EFC /* SDImageCache.h */,
				16DEFAB716EFE05100BF9EFC /* SDImageCache.m */,
				16DEFAB816EFE05100BF9EFC /* SDImageCacheDelegate.h */,
				16DEFAB916EFE05100BF9EFC /* SDWebImageCompat.h */,
				16DEFABA16EFE05100BF9EFC /* SDWebImageDecoder.h */,
				16DEFABB16EFE05100BF9EFC /* SDWebImageDecoder.m */,
				16DEFABC16EFE05100BF9EFC /* SDWebImageDownloader.h */,
				16DEFABD16EFE05100BF9EFC /* SDWebImageDownloader.m */,
				16DEFABE16EFE05100BF9EFC /* SDWebImageDownloaderDelegate.h */,
				16DEFABF16EFE05100BF9EFC /* SDWebImageManager.h */,
				16DEFAC016EFE05100BF9EFC /* SDWebImageManager.m */,
				16DEFAC116EFE05100BF9EFC /* SDWebImageManagerDelegate.h */,
				16DEFAC216EFE05100BF9EFC /* SDWebImagePrefetcher.h */,
				16DEFAC316EFE05100BF9EFC /* SDWebImagePrefetcher.m */,
				16DEFAC416EFE05100BF9EFC /* UIButton+WebCache.h */,
				16DEFAC516EFE05100BF9EFC /* UIButton+WebCache.m */,
				16DEFAC616EFE05100BF9EFC /* UIImageView+WebCache.h */,
				16DEFAC716EFE05100BF9EFC /* UIImageView+WebCache.m */,
			);
			path = SDWebImage;
			sourceTree = "<group>";
		};
/* End PBXGroup section */

/* Begin PBXNativeTarget section */
		16510CCF16E77FCA003F2A7E /* AplicaParse */ = {
			isa = PBXNativeTarget;
			buildConfigurationList = 16510D0916E77FCA003F2A7E /* Build configuration list for PBXNativeTarget "AplicaParse" */;
			buildPhases = (
				16510CCC16E77FCA003F2A7E /* Sources */,
				16510CCD16E77FCA003F2A7E /* Frameworks */,
				16510CCE16E77FCA003F2A7E /* Resources */,
			);
			buildRules = (
			);
			dependencies = (
			);
			name = AplicaParse;
			productName = AplicaParse;
			productReference = 16510CD016E77FCA003F2A7E /* AplicaParse.app */;
			productType = "com.apple.product-type.application";
		};
		16510CF516E77FCA003F2A7E /* AplicaParseTests */ = {
			isa = PBXNativeTarget;
			buildConfigurationList = 16510D0C16E77FCA003F2A7E /* Build configuration list for PBXNativeTarget "AplicaParseTests" */;
			buildPhases = (
				16510CF116E77FCA003F2A7E /* Sources */,
				16510CF216E77FCA003F2A7E /* Frameworks */,
				16510CF316E77FCA003F2A7E /* Resources */,
				16510CF416E77FCA003F2A7E /* ShellScript */,
			);
			buildRules = (
			);
			dependencies = (
				16510CFD16E77FCA003F2A7E /* PBXTargetDependency */,
			);
			name = AplicaParseTests;
			productName = AplicaParseTests;
			productReference = 16510CF616E77FCA003F2A7E /* AplicaParseTests.octest */;
			productType = "com.apple.product-type.bundle";
		};
/* End PBXNativeTarget section */

/* Begin PBXProject section */
		16510CC716E77FCA003F2A7E /* Project object */ = {
			isa = PBXProject;
			attributes = {
				LastUpgradeCheck = 0450;
				ORGANIZATIONNAME = "Stas-PC";
			};
			buildConfigurationList = 16510CCA16E77FCA003F2A7E /* Build configuration list for PBXProject "AplicaParse" */;
			compatibilityVersion = "Xcode 3.2";
			developmentRegion = English;
			hasScannedForEncodings = 0;
			knownRegions = (
				en,
			);
			mainGroup = 16510CC516E77FCA003F2A7E;
			productRefGroup = 16510CD116E77FCA003F2A7E /* Products */;
			projectDirPath = "";
			projectRoot = "";
			targets = (
				16510CCF16E77FCA003F2A7E /* AplicaParse */,
				16510CF516E77FCA003F2A7E /* AplicaParseTests */,
			);
		};
/* End PBXProject section */

/* Begin PBXResourcesBuildPhase section */
		16510CCE16E77FCA003F2A7E /* Resources */ = {
			isa = PBXResourcesBuildPhase;
			buildActionMask = 2147483647;
			files = (
				16510CE116E77FCA003F2A7E /* InfoPlist.strings in Resources */,
				16510CE916E77FCA003F2A7E /* Default.png in Resources */,
				16510CEB16E77FCA003F2A7E /* Default@2x.png in Resources */,
				16510CED16E77FCA003F2A7E /* Default-568h@2x.png in Resources */,
				16510D1616E7849B003F2A7E /* MainViewController.xib in Resources */,
				1697777216EE9368005537BE /* PhotoViewController.xib in Resources */,
				16DEFAD016EFE05100BF9EFC /* README.mdown in Resources */,
				16DEFAD116EFE05100BF9EFC /* LICENSE in Resources */,
				16DEFAD216EFE05100BF9EFC /* README.md in Resources */,
				16DEFADA16EFE05100BF9EFC /* MWPhotoBrowser.bundle in Resources */,
			);
			runOnlyForDeploymentPostprocessing = 0;
		};
		16510CF316E77FCA003F2A7E /* Resources */ = {
			isa = PBXResourcesBuildPhase;
			buildActionMask = 2147483647;
			files = (
				16510D0316E77FCA003F2A7E /* InfoPlist.strings in Resources */,
			);
			runOnlyForDeploymentPostprocessing = 0;
		};
/* End PBXResourcesBuildPhase section */

/* Begin PBXShellScriptBuildPhase section */
		16510CF416E77FCA003F2A7E /* ShellScript */ = {
			isa = PBXShellScriptBuildPhase;
			buildActionMask = 2147483647;
			files = (
			);
			inputPaths = (
			);
			outputPaths = (
			);
			runOnlyForDeploymentPostprocessing = 0;
			shellPath = /bin/sh;
			shellScript = "# Run the unit tests in this test bundle.\n\"${SYSTEM_DEVELOPER_DIR}/Tools/RunUnitTests\"\n";
		};
/* End PBXShellScriptBuildPhase section */

/* Begin PBXSourcesBuildPhase section */
		16510CCC16E77FCA003F2A7E /* Sources */ = {
			isa = PBXSourcesBuildPhase;
			buildActionMask = 2147483647;
			files = (
				16510CE316E77FCA003F2A7E /* main.m in Sources */,
				16510CE716E77FCA003F2A7E /* AppDelegate.m in Sources */,
				16510CF016E77FCA003F2A7E /* AplicaParse.xcdatamodeld in Sources */,
				16510D1516E7849B003F2A7E /* MainViewController.m in Sources */,
				16510D1916E784F0003F2A7E /* mainCell.m in Sources */,
				16510D1C16E79B70003F2A7E /* XMLParser.m in Sources */,
				16510D1F16E7A124003F2A7E /* Things.m in Sources */,
				167D075B16EBD10800C6EB7C /* Data.m in Sources */,
				1697777116EE9368005537BE /* PhotoViewController.m in Sources */,
				16DEFAC916EFE05100BF9EFC /* MWCaptionView.m in Sources */,
				16DEFACA16EFE05100BF9EFC /* MWPhoto.m in Sources */,
				16DEFACB16EFE05100BF9EFC /* MWPhotoBrowser.m in Sources */,
				16DEFACC16EFE05100BF9EFC /* MWTapDetectingImageView.m in Sources */,
				16DEFACD16EFE05100BF9EFC /* MWTapDetectingView.m in Sources */,
				16DEFACE16EFE05100BF9EFC /* MWZoomingScrollView.m in Sources */,
				16DEFACF16EFE05100BF9EFC /* MBProgressHUD.m in Sources */,
				16DEFAD316EFE05100BF9EFC /* SDImageCache.m in Sources */,
				16DEFAD416EFE05100BF9EFC /* SDWebImageDecoder.m in Sources */,
				16DEFAD516EFE05100BF9EFC /* SDWebImageDownloader.m in Sources */,
				16DEFAD616EFE05100BF9EFC /* SDWebImageManager.m in Sources */,
				16DEFAD716EFE05100BF9EFC /* SDWebImagePrefetcher.m in Sources */,
				16DEFAD816EFE05100BF9EFC /* UIButton+WebCache.m in Sources */,
				16DEFAD916EFE05100BF9EFC /* UIImageView+WebCache.m in Sources */,
			);
			runOnlyForDeploymentPostprocessing = 0;
		};
		16510CF116E77FCA003F2A7E /* Sources */ = {
			isa = PBXSourcesBuildPhase;
			buildActionMask = 2147483647;
			files = (
				16510D0616E77FCA003F2A7E /* AplicaParseTests.m in Sources */,
			);
			runOnlyForDeploymentPostprocessing = 0;
		};
/* End PBXSourcesBuildPhase section */

/* Begin PBXTargetDependency section */
		16510CFD16E77FCA003F2A7E /* PBXTargetDependency */ = {
			isa = PBXTargetDependency;
			target = 16510CCF16E77FCA003F2A7E /* AplicaParse */;
			targetProxy = 16510CFC16E77FCA003F2A7E /* PBXContainerItemProxy */;
		};
/* End PBXTargetDependency section */

/* Begin PBXVariantGroup section */
		16510CDF16E77FCA003F2A7E /* InfoPlist.strings */ = {
			isa = PBXVariantGroup;
			children = (
				16510CE016E77FCA003F2A7E /* en */,
			);
			name = InfoPlist.strings;
			sourceTree = "<group>";
		};
		16510D0116E77FCA003F2A7E /* InfoPlist.strings */ = {
			isa = PBXVariantGroup;
			children = (
				16510D0216E77FCA003F2A7E /* en */,
			);
			name = InfoPlist.strings;
			sourceTree = "<group>";
		};
/* End PBXVariantGroup section */

/* Begin XCBuildConfiguration section */
		16510D0716E77FCA003F2A7E /* Debug */ = {
			isa = XCBuildConfiguration;
			buildSettings = {
				ALWAYS_SEARCH_USER_PATHS = NO;
				CLANG_CXX_LANGUAGE_STANDARD = "gnu++0x";
				CLANG_CXX_LIBRARY = "libc++";
				CLANG_ENABLE_OBJC_ARC = YES;
				CLANG_WARN_EMPTY_BODY = YES;
				CLANG_WARN__DUPLICATE_METHOD_MATCH = YES;
				"CODE_SIGN_IDENTITY[sdk=iphoneos*]" = "iPhone Developer";
				COPY_PHASE_STRIP = NO;
				GCC_C_LANGUAGE_STANDARD = gnu99;
				GCC_DYNAMIC_NO_PIC = NO;
				GCC_OPTIMIZATION_LEVEL = 0;
				GCC_PREPROCESSOR_DEFINITIONS = (
					"DEBUG=1",
					"$(inherited)",
				);
				GCC_SYMBOLS_PRIVATE_EXTERN = NO;
				GCC_WARN_ABOUT_RETURN_TYPE = YES;
				GCC_WARN_UNINITIALIZED_AUTOS = YES;
				GCC_WARN_UNUSED_VARIABLE = YES;
				IPHONEOS_DEPLOYMENT_TARGET = 6.0;
				ONLY_ACTIVE_ARCH = YES;
				SDKROOT = iphoneos;
			};
			name = Debug;
		};
		16510D0816E77FCA003F2A7E /* Release */ = {
			isa = XCBuildConfiguration;
			buildSettings = {
				ALWAYS_SEARCH_USER_PATHS = NO;
				CLANG_CXX_LANGUAGE_STANDARD = "gnu++0x";
				CLANG_CXX_LIBRARY = "libc++";
				CLANG_ENABLE_OBJC_ARC = YES;
				CLANG_WARN_EMPTY_BODY = YES;
				CLANG_WARN__DUPLICATE_METHOD_MATCH = YES;
				"CODE_SIGN_IDENTITY[sdk=iphoneos*]" = "iPhone Developer";
				COPY_PHASE_STRIP = YES;
				GCC_C_LANGUAGE_STANDARD = gnu99;
				GCC_WARN_ABOUT_RETURN_TYPE = YES;
				GCC_WARN_UNINITIALIZED_AUTOS = YES;
				GCC_WARN_UNUSED_VARIABLE = YES;
				IPHONEOS_DEPLOYMENT_TARGET = 6.0;
				OTHER_CFLAGS = "-DNS_BLOCK_ASSERTIONS=1";
				SDKROOT = iphoneos;
				VALIDATE_PRODUCT = YES;
			};
			name = Release;
		};
		16510D0A16E77FCA003F2A7E /* Debug */ = {
			isa = XCBuildConfiguration;
			buildSettings = {
				ALWAYS_SEARCH_USER_PATHS = YES;
				GCC_PRECOMPILE_PREFIX_HEADER = YES;
				GCC_PREFIX_HEADER = "AplicaParse/AplicaParse-Prefix.pch";
				GCC_VERSION = "";
				INFOPLIST_FILE = "AplicaParse/AplicaParse-Info.plist";
				OTHER_CFLAGS = "-DNS_BLOCK_ASSERTIONS=1";
				OTHER_TEST_FLAGS = "-DNS_BLOCK_ASSERTIONS=1";
				PRODUCT_NAME = "$(TARGET_NAME)";
				USER_HEADER_SEARCH_PATHS = "AplicaParse/**";
				WRAPPER_EXTENSION = app;
			};
			name = Debug;
		};
		16510D0B16E77FCA003F2A7E /* Release */ = {
			isa = XCBuildConfiguration;
			buildSettings = {
				ALWAYS_SEARCH_USER_PATHS = YES;
				GCC_PRECOMPILE_PREFIX_HEADER = YES;
				GCC_PREFIX_HEADER = "AplicaParse/AplicaParse-Prefix.pch";
				GCC_VERSION = "";
				INFOPLIST_FILE = "AplicaParse/AplicaParse-Info.plist";
				OTHER_TEST_FLAGS = "-DNS_BLOCK_ASSERTIONS=1";
				PRODUCT_NAME = "$(TARGET_NAME)";
				USER_HEADER_SEARCH_PATHS = "AplicaParse/**";
				WRAPPER_EXTENSION = app;
			};
			name = Release;
		};
		16510D0D16E77FCA003F2A7E /* Debug */ = {
			isa = XCBuildConfiguration;
			buildSettings = {
				BUNDLE_LOADER = "$(BUILT_PRODUCTS_DIR)/AplicaParse.app/AplicaParse";
				FRAMEWORK_SEARCH_PATHS = (
					"\"$(SDKROOT)/Developer/Library/Frameworks\"",
					"\"$(DEVELOPER_LIBRARY_DIR)/Frameworks\"",
				);
				GCC_PRECOMPILE_PREFIX_HEADER = YES;
				GCC_PREFIX_HEADER = "AplicaParse/AplicaParse-Prefix.pch";
				INFOPLIST_FILE = "AplicaParseTests/AplicaParseTests-Info.plist";
				PRODUCT_NAME = "$(TARGET_NAME)";
				TEST_HOST = "$(BUNDLE_LOADER)";
				WRAPPER_EXTENSION = octest;
			};
			name = Debug;
		};
		16510D0E16E77FCA003F2A7E /* Release */ = {
			isa = XCBuildConfiguration;
			buildSettings = {
				BUNDLE_LOADER = "$(BUILT_PRODUCTS_DIR)/AplicaParse.app/AplicaParse";
				FRAMEWORK_SEARCH_PATHS = (
					"\"$(SDKROOT)/Developer/Library/Frameworks\"",
					"\"$(DEVELOPER_LIBRARY_DIR)/Frameworks\"",
				);
				GCC_PRECOMPILE_PREFIX_HEADER = YES;
				GCC_PREFIX_HEADER = "AplicaParse/AplicaParse-Prefix.pch";
				INFOPLIST_FILE = "AplicaParseTests/AplicaParseTests-Info.plist";
				PRODUCT_NAME = "$(TARGET_NAME)";
				TEST_HOST = "$(BUNDLE_LOADER)";
				WRAPPER_EXTENSION = octest;
			};
			name = Release;
		};
/* End XCBuildConfiguration section */

/* Begin XCConfigurationList section */
		16510CCA16E77FCA003F2A7E /* Build configuration list for PBXProject "AplicaParse" */ = {
			isa = XCConfigurationList;
			buildConfigurations = (
				16510D0716E77FCA003F2A7E /* Debug */,
				16510D0816E77FCA003F2A7E /* Release */,
			);
			defaultConfigurationIsVisible = 0;
			defaultConfigurationName = Release;
		};
		16510D0916E77FCA003F2A7E /* Build configuration list for PBXNativeTarget "AplicaParse" */ = {
			isa = XCConfigurationList;
			buildConfigurations = (
				16510D0A16E77FCA003F2A7E /* Debug */,
				16510D0B16E77FCA003F2A7E /* Release */,
			);
			defaultConfigurationIsVisible = 0;
			defaultConfigurationName = Release;
		};
		16510D0C16E77FCA003F2A7E /* Build configuration list for PBXNativeTarget "AplicaParseTests" */ = {
			isa = XCConfigurationList;
			buildConfigurations = (
				16510D0D16E77FCA003F2A7E /* Debug */,
				16510D0E16E77FCA003F2A7E /* Release */,
			);
			defaultConfigurationIsVisible = 0;
			defaultConfigurationName = Release;
		};
/* End XCConfigurationList section */

/* Begin XCVersionGroup section */
		16510CEE16E77FCA003F2A7E /* AplicaParse.xcdatamodeld */ = {
			isa = XCVersionGroup;
			children = (
				16510CEF16E77FCA003F2A7E /* AplicaParse.xcdatamodel */,
			);
			currentVersion = 16510CEF16E77FCA003F2A7E /* AplicaParse.xcdatamodel */;
			path = AplicaParse.xcdatamodeld;
			sourceTree = "<group>";
			versionGroupType = wrapper.xcdatamodel;
		};
/* End XCVersionGroup section */
	};
	rootObject = 16510CC716E77FCA003F2A7E /* Project object */;
}
